
Microsoft Visual Studio Solution File, Format Version 12.00
# Visual Studio Version 16
VisualStudioVersion = 16.0.30503.244
MinimumVisualStudioVersion = 10.0.40219.1
Project("{FAE04EC0-301F-11D3-BF4B-00C04F79EFBC}") = "TelstarLogistics", "TelstarLogistics\TelstarLogistics.csproj", "{A3DB6A8F-5C64-4E7B-A5ED-7CDC9A771060}"
	ProjectSection(ProjectDependencies) = postProject
		{524FD588-8B30-44CA-A6D5-9781E8626346} = {524FD588-8B30-44CA-A6D5-9781E8626346}
	EndProjectSection
EndProject
Project("{FAE04EC0-301F-11D3-BF4B-00C04F79EFBC}") = "TelstarLogistics.DataAccess", "TelstarLogistics.DataAccess\TelstarLogistics.DataAccess.csproj", "{524FD588-8B30-44CA-A6D5-9781E8626346}"
EndProject
Global
	GlobalSection(SolutionConfigurationPlatforms) = preSolution
		Debug|Any CPU = Debug|Any CPU
		Release|Any CPU = Release|Any CPU
	EndGlobalSection
	GlobalSection(ProjectConfigurationPlatforms) = postSolution
		{A3DB6A8F-5C64-4E7B-A5ED-7CDC9A771060}.Debug|Any CPU.ActiveCfg = Debug|Any CPU
		{A3DB6A8F-5C64-4E7B-A5ED-7CDC9A771060}.Debug|Any CPU.Build.0 = Debug|Any CPU
		{A3DB6A8F-5C64-4E7B-A5ED-7CDC9A771060}.Release|Any CPU.ActiveCfg = Release|Any CPU
		{A3DB6A8F-5C64-4E7B-A5ED-7CDC9A771060}.Release|Any CPU.Build.0 = Release|Any CPU
		{524FD588-8B30-44CA-A6D5-9781E8626346}.Debug|Any CPU.ActiveCfg = Debug|Any CPU
		{524FD588-8B30-44CA-A6D5-9781E8626346}.Debug|Any CPU.Build.0 = Debug|Any CPU
		{524FD588-8B30-44CA-A6D5-9781E8626346}.Release|Any CPU.ActiveCfg = Release|Any CPU
		{524FD588-8B30-44CA-A6D5-9781E8626346}.Release|Any CPU.Build.0 = Release|Any CPU
	EndGlobalSection
	GlobalSection(SolutionProperties) = preSolution
		HideSolutionNode = FALSE
	EndGlobalSection
	GlobalSection(ExtensibilityGlobals) = postSolution
		SolutionGuid = {EE94701E-E8F7-4CF3-A227-272F85B12882}
	EndGlobalSection
EndGlobal
